
Microsoft Visual Studio Solution File, Format Version 12.00
# Visual Studio Version 16
VisualStudioVersion = 16.0.29318.209
MinimumVisualStudioVersion = 10.0.40219.1
Project("{2150E333-8FDC-42A3-9474-1A3956D46DE8}") = "MicroService", "MicroService", "{75EBBFFC-2896-4FFE-8869-93D995F3DC22}"
EndProject
Project("{2150E333-8FDC-42A3-9474-1A3956D46DE8}") = "ApiGateway", "ApiGateway", "{67D883BF-296C-4947-A6CC-572C6914F0FC}"
EndProject
Project("{9A19103F-16F7-4668-BE54-9A1E7A4F7556}") = "Gateway.Api", "API.GateWay\Gateway.Api.csproj", "{243D7F08-B45A-4700-BB80-DDBCCDE15D95}"
EndProject
Project("{2150E333-8FDC-42A3-9474-1A3956D46DE8}") = "Order", "Order", "{69509AA3-DEAB-41C9-9531-ADAE17D6A389}"
EndProject
Project("{9A19103F-16F7-4668-BE54-9A1E7A4F7556}") = "Order.Core", "MicroService\Order\Order.Core\Order.Core.csproj", "{40B78785-9B8D-4EDE-A246-55203BD85B23}"
EndProject
Project("{9A19103F-16F7-4668-BE54-9A1E7A4F7556}") = "Order.Web", "MicroService\Order\Order.Web\Order.Web.csproj", "{DF20566C-F5CD-435D-8EAB-0ABBDF4CDF97}"
EndProject
Project("{2150E333-8FDC-42A3-9474-1A3956D46DE8}") = "Product", "Product", "{318BA6D5-6186-43C9-80DC-22233395C607}"
EndProject
Project("{9A19103F-16F7-4668-BE54-9A1E7A4F7556}") = "Order.Infrastructure", "MicroService\Order\Order.Infrastructure\Order.Infrastructure.csproj", "{4C21DB55-3028-4856-BF7B-2288E192CEF7}"
EndProject
Project("{2150E333-8FDC-42A3-9474-1A3956D46DE8}") = "Search", "Search", "{F684E7BD-6A07-458A-AA3D-BB916C4581DF}"
EndProject
Project("{2150E333-8FDC-42A3-9474-1A3956D46DE8}") = "Shared", "Shared", "{2E8DFA77-8772-4835-9B62-FD7C4144C566}"
EndProject
Project("{9A19103F-16F7-4668-BE54-9A1E7A4F7556}") = "Shared.Domain.Abstractions", "Shared\Shared.Domain.Abstractions\Shared.Domain.Abstractions.csproj", "{643CB0CF-7CDF-4433-BE38-1CA41AA79F97}"
EndProject
Project("{9A19103F-16F7-4668-BE54-9A1E7A4F7556}") = "Shared.Infrastructure.Core", "Shared\Shared.Infrastructure.Core\Shared.Infrastructure.Core.csproj", "{9EA4B4DA-55B5-451C-B201-8BCAEBADC32A}"
EndProject
Project("{2150E333-8FDC-42A3-9474-1A3956D46DE8}") = "Identity", "Identity", "{6392BA31-9547-42BF-8680-9AA741DA64AD}"
EndProject
Project("{2150E333-8FDC-42A3-9474-1A3956D46DE8}") = "Pay", "Pay", "{DFC86908-CB6B-4DC3-B9DD-F4E56A6293B8}"
EndProject
Project("{2150E333-8FDC-42A3-9474-1A3956D46DE8}") = "User", "User", "{41E0C404-0D74-4EE6-A30B-DE691FAC155D}"
EndProject
Project("{9A19103F-16F7-4668-BE54-9A1E7A4F7556}") = "Identity.Core", "MicroService\Identity\Identity.Core\Identity.Core.csproj", "{45C39832-69CC-477C-A28A-31A364D0AA63}"
EndProject
Project("{9A19103F-16F7-4668-BE54-9A1E7A4F7556}") = "Identity.Infrastructure", "MicroService\Identity\Identity.Infrastructure\Identity.Infrastructure.csproj", "{E5C00748-0D7A-4114-8CC0-BED959BC8736}"
EndProject
Project("{9A19103F-16F7-4668-BE54-9A1E7A4F7556}") = "Identity.Web", "MicroService\Identity\Identity.Web\Identity.Web.csproj", "{425470F0-498A-40BB-8169-25F6D10F50A0}"
EndProject
Project("{9A19103F-16F7-4668-BE54-9A1E7A4F7556}") = "User.Core", "MicroService\User\User.Core\User.Core.csproj", "{A2C32ADF-AA45-4449-ACAA-EB6D47A960FA}"
EndProject
Project("{9A19103F-16F7-4668-BE54-9A1E7A4F7556}") = "User.Infrastructure", "MicroService\User\User.Infrastructure\User.Infrastructure.csproj", "{56A1FE04-B82B-4C80-BFDD-90D872DAF683}"
EndProject
Project("{9A19103F-16F7-4668-BE54-9A1E7A4F7556}") = "User.Web", "MicroService\User\User.Web\User.Web.csproj", "{1C735315-4377-4ACC-A4B5-4A3CBA37D5E2}"
EndProject
Project("{9A19103F-16F7-4668-BE54-9A1E7A4F7556}") = "Pay.Core", "MicroService\Pay\Pay.Core\Pay.Core.csproj", "{D71C3338-0270-477E-BAF2-9A435A2313BE}"
EndProject
Project("{9A19103F-16F7-4668-BE54-9A1E7A4F7556}") = "Pay.Infrastructure", "MicroService\Pay\Pay.Infrastructure\Pay.Infrastructure.csproj", "{0BB476AF-AB5A-4AC2-B991-9AD89B089837}"
EndProject
Project("{9A19103F-16F7-4668-BE54-9A1E7A4F7556}") = "Pay.Web", "MicroService\Pay\Pay.Web\Pay.Web.csproj", "{716F6DE0-2488-4A1D-9A14-C3DD4BE07962}"
EndProject
Project("{2150E333-8FDC-42A3-9474-1A3956D46DE8}") = "Sales", "Sales", "{F72AA3A2-24F3-49B5-93B7-B92AB8E532FA}"
EndProject
Project("{9A19103F-16F7-4668-BE54-9A1E7A4F7556}") = "Search.Core", "MicroService\Search\Search.Core\Search.Core.csproj", "{D54C86D9-7A7B-4C69-8EB5-EF9E5870AF2E}"
EndProject
Project("{9A19103F-16F7-4668-BE54-9A1E7A4F7556}") = "Search.Infrastructure", "MicroService\Search\Search.Infrastructure\Search.Infrastructure.csproj", "{DEB43869-5C1D-4014-956C-F5D51087AB5E}"
EndProject
Project("{9A19103F-16F7-4668-BE54-9A1E7A4F7556}") = "Search.Web", "MicroService\Search\Search.Web\Search.Web.csproj", "{FB991D43-24BB-4A85-ADB6-9459E89B1B8D}"
EndProject
Project("{9A19103F-16F7-4668-BE54-9A1E7A4F7556}") = "Product.Core", "MicroService\Product\Product.Core\Product.Core.csproj", "{71ED4625-F76A-4D6E-88B5-99418BE48E05}"
EndProject
Project("{9A19103F-16F7-4668-BE54-9A1E7A4F7556}") = "Product.Infrastructure", "MicroService\Product\Product.Infrastructure\Product.Infrastructure.csproj", "{7A84A81C-F9E0-4DFB-BE22-36F9DE885DA0}"
EndProject
Project("{9A19103F-16F7-4668-BE54-9A1E7A4F7556}") = "Product.Web", "MicroService\Product\Product.Web\Product.Web.csproj", "{7EC718A6-6237-424B-8CAD-C537C785344B}"
EndProject
Project("{9A19103F-16F7-4668-BE54-9A1E7A4F7556}") = "Sales.Core", "MicroService\Sales\Sales.Core\Sales.Core.csproj", "{66B9C9AF-1FD2-44B0-AA84-51EB75A18773}"
EndProject
Project("{9A19103F-16F7-4668-BE54-9A1E7A4F7556}") = "Sales.Infrastructure", "MicroService\Sales\Sales.Infrastructure\Sales.Infrastructure.csproj", "{2283EC0D-5684-4F08-A7A2-801BAE5FF67F}"
EndProject
Project("{9A19103F-16F7-4668-BE54-9A1E7A4F7556}") = "Sales.Web", "MicroService\Sales\Sales.Web\Sales.Web.csproj", "{AC313377-90CF-4EF1-A084-4A9196551D80}"
EndProject
Project("{E53339B2-1760-4266-BCC7-CA923CBCF16C}") = "docker-compose", "docker-compose.dcproj", "{AE55B818-208E-472A-85E0-FC81BAFBA8AF}"
EndProject
Global
	GlobalSection(SolutionConfigurationPlatforms) = preSolution
		Debug|Any CPU = Debug|Any CPU
		Release|Any CPU = Release|Any CPU
	EndGlobalSection
	GlobalSection(ProjectConfigurationPlatforms) = postSolution
		{243D7F08-B45A-4700-BB80-DDBCCDE15D95}.Debug|Any CPU.ActiveCfg = Debug|Any CPU
		{243D7F08-B45A-4700-BB80-DDBCCDE15D95}.Debug|Any CPU.Build.0 = Debug|Any CPU
		{243D7F08-B45A-4700-BB80-DDBCCDE15D95}.Release|Any CPU.ActiveCfg = Release|Any CPU
		{243D7F08-B45A-4700-BB80-DDBCCDE15D95}.Release|Any CPU.Build.0 = Release|Any CPU
		{40B78785-9B8D-4EDE-A246-55203BD85B23}.Debug|Any CPU.ActiveCfg = Debug|Any CPU
		{40B78785-9B8D-4EDE-A246-55203BD85B23}.Debug|Any CPU.Build.0 = Debug|Any CPU
		{40B78785-9B8D-4EDE-A246-55203BD85B23}.Release|Any CPU.ActiveCfg = Release|Any CPU
		{40B78785-9B8D-4EDE-A246-55203BD85B23}.Release|Any CPU.Build.0 = Release|Any CPU
		{DF20566C-F5CD-435D-8EAB-0ABBDF4CDF97}.Debug|Any CPU.ActiveCfg = Debug|Any CPU
		{DF20566C-F5CD-435D-8EAB-0ABBDF4CDF97}.Debug|Any CPU.Build.0 = Debug|Any CPU
		{DF20566C-F5CD-435D-8EAB-0ABBDF4CDF97}.Release|Any CPU.ActiveCfg = Release|Any CPU
		{DF20566C-F5CD-435D-8EAB-0ABBDF4CDF97}.Release|Any CPU.Build.0 = Release|Any CPU
		{4C21DB55-3028-4856-BF7B-2288E192CEF7}.Debug|Any CPU.ActiveCfg = Debug|Any CPU
		{4C21DB55-3028-4856-BF7B-2288E192CEF7}.Debug|Any CPU.Build.0 = Debug|Any CPU
		{4C21DB55-3028-4856-BF7B-2288E192CEF7}.Release|Any CPU.ActiveCfg = Release|Any CPU
		{4C21DB55-3028-4856-BF7B-2288E192CEF7}.Release|Any CPU.Build.0 = Release|Any CPU
		{643CB0CF-7CDF-4433-BE38-1CA41AA79F97}.Debug|Any CPU.ActiveCfg = Debug|Any CPU
		{643CB0CF-7CDF-4433-BE38-1CA41AA79F97}.Debug|Any CPU.Build.0 = Debug|Any CPU
		{643CB0CF-7CDF-4433-BE38-1CA41AA79F97}.Release|Any CPU.ActiveCfg = Release|Any CPU
		{643CB0CF-7CDF-4433-BE38-1CA41AA79F97}.Release|Any CPU.Build.0 = Release|Any CPU
		{9EA4B4DA-55B5-451C-B201-8BCAEBADC32A}.Debug|Any CPU.ActiveCfg = Debug|Any CPU
		{9EA4B4DA-55B5-451C-B201-8BCAEBADC32A}.Debug|Any CPU.Build.0 = Debug|Any CPU
		{9EA4B4DA-55B5-451C-B201-8BCAEBADC32A}.Release|Any CPU.ActiveCfg = Release|Any CPU
		{9EA4B4DA-55B5-451C-B201-8BCAEBADC32A}.Release|Any CPU.Build.0 = Release|Any CPU
		{45C39832-69CC-477C-A28A-31A364D0AA63}.Debug|Any CPU.ActiveCfg = Debug|Any CPU
		{45C39832-69CC-477C-A28A-31A364D0AA63}.Debug|Any CPU.Build.0 = Debug|Any CPU
		{45C39832-69CC-477C-A28A-31A364D0AA63}.Release|Any CPU.ActiveCfg = Release|Any CPU
		{45C39832-69CC-477C-A28A-31A364D0AA63}.Release|Any CPU.Build.0 = Release|Any CPU
		{E5C00748-0D7A-4114-8CC0-BED959BC8736}.Debug|Any CPU.ActiveCfg = Debug|Any CPU
		{E5C00748-0D7A-4114-8CC0-BED959BC8736}.Debug|Any CPU.Build.0 = Debug|Any CPU
		{E5C00748-0D7A-4114-8CC0-BED959BC8736}.Release|Any CPU.ActiveCfg = Release|Any CPU
		{E5C00748-0D7A-4114-8CC0-BED959BC8736}.Release|Any CPU.Build.0 = Release|Any CPU
		{425470F0-498A-40BB-8169-25F6D10F50A0}.Debug|Any CPU.ActiveCfg = Debug|Any CPU
		{425470F0-498A-40BB-8169-25F6D10F50A0}.Debug|Any CPU.Build.0 = Debug|Any CPU
		{425470F0-498A-40BB-8169-25F6D10F50A0}.Release|Any CPU.ActiveCfg = Release|Any CPU
		{425470F0-498A-40BB-8169-25F6D10F50A0}.Release|Any CPU.Build.0 = Release|Any CPU
		{A2C32ADF-AA45-4449-ACAA-EB6D47A960FA}.Debug|Any CPU.ActiveCfg = Debug|Any CPU
		{A2C32ADF-AA45-4449-ACAA-EB6D47A960FA}.Debug|Any CPU.Build.0 = Debug|Any CPU
		{A2C32ADF-AA45-4449-ACAA-EB6D47A960FA}.Release|Any CPU.ActiveCfg = Release|Any CPU
		{A2C32ADF-AA45-4449-ACAA-EB6D47A960FA}.Release|Any CPU.Build.0 = Release|Any CPU
		{56A1FE04-B82B-4C80-BFDD-90D872DAF683}.Debug|Any CPU.ActiveCfg = Debug|Any CPU
		{56A1FE04-B82B-4C80-BFDD-90D872DAF683}.Debug|Any CPU.Build.0 = Debug|Any CPU
		{56A1FE04-B82B-4C80-BFDD-90D872DAF683}.Release|Any CPU.ActiveCfg = Release|Any CPU
		{56A1FE04-B82B-4C80-BFDD-90D872DAF683}.Release|Any CPU.Build.0 = Release|Any CPU
		{1C735315-4377-4ACC-A4B5-4A3CBA37D5E2}.Debug|Any CPU.ActiveCfg = Debug|Any CPU
		{1C735315-4377-4ACC-A4B5-4A3CBA37D5E2}.Debug|Any CPU.Build.0 = Debug|Any CPU
		{1C735315-4377-4ACC-A4B5-4A3CBA37D5E2}.Release|Any CPU.ActiveCfg = Release|Any CPU
		{1C735315-4377-4ACC-A4B5-4A3CBA37D5E2}.Release|Any CPU.Build.0 = Release|Any CPU
		{D71C3338-0270-477E-BAF2-9A435A2313BE}.Debug|Any CPU.ActiveCfg = Debug|Any CPU
		{D71C3338-0270-477E-BAF2-9A435A2313BE}.Debug|Any CPU.Build.0 = Debug|Any CPU
		{D71C3338-0270-477E-BAF2-9A435A2313BE}.Release|Any CPU.ActiveCfg = Release|Any CPU
		{D71C3338-0270-477E-BAF2-9A435A2313BE}.Release|Any CPU.Build.0 = Release|Any CPU
		{0BB476AF-AB5A-4AC2-B991-9AD89B089837}.Debug|Any CPU.ActiveCfg = Debug|Any CPU
		{0BB476AF-AB5A-4AC2-B991-9AD89B089837}.Debug|Any CPU.Build.0 = Debug|Any CPU
		{0BB476AF-AB5A-4AC2-B991-9AD89B089837}.Release|Any CPU.ActiveCfg = Release|Any CPU
		{0BB476AF-AB5A-4AC2-B991-9AD89B089837}.Release|Any CPU.Build.0 = Release|Any CPU
		{716F6DE0-2488-4A1D-9A14-C3DD4BE07962}.Debug|Any CPU.ActiveCfg = Debug|Any CPU
		{716F6DE0-2488-4A1D-9A14-C3DD4BE07962}.Debug|Any CPU.Build.0 = Debug|Any CPU
		{716F6DE0-2488-4A1D-9A14-C3DD4BE07962}.Release|Any CPU.ActiveCfg = Release|Any CPU
		{716F6DE0-2488-4A1D-9A14-C3DD4BE07962}.Release|Any CPU.Build.0 = Release|Any CPU
		{D54C86D9-7A7B-4C69-8EB5-EF9E5870AF2E}.Debug|Any CPU.ActiveCfg = Debug|Any CPU
		{D54C86D9-7A7B-4C69-8EB5-EF9E5870AF2E}.Debug|Any CPU.Build.0 = Debug|Any CPU
		{D54C86D9-7A7B-4C69-8EB5-EF9E5870AF2E}.Release|Any CPU.ActiveCfg = Release|Any CPU
		{D54C86D9-7A7B-4C69-8EB5-EF9E5870AF2E}.Release|Any CPU.Build.0 = Release|Any CPU
		{DEB43869-5C1D-4014-956C-F5D51087AB5E}.Debug|Any CPU.ActiveCfg = Debug|Any CPU
		{DEB43869-5C1D-4014-956C-F5D51087AB5E}.Debug|Any CPU.Build.0 = Debug|Any CPU
		{DEB43869-5C1D-4014-956C-F5D51087AB5E}.Release|Any CPU.ActiveCfg = Release|Any CPU
		{DEB43869-5C1D-4014-956C-F5D51087AB5E}.Release|Any CPU.Build.0 = Release|Any CPU
		{FB991D43-24BB-4A85-ADB6-9459E89B1B8D}.Debug|Any CPU.ActiveCfg = Debug|Any CPU
		{FB991D43-24BB-4A85-ADB6-9459E89B1B8D}.Debug|Any CPU.Build.0 = Debug|Any CPU
		{FB991D43-24BB-4A85-ADB6-9459E89B1B8D}.Release|Any CPU.ActiveCfg = Release|Any CPU
		{FB991D43-24BB-4A85-ADB6-9459E89B1B8D}.Release|Any CPU.Build.0 = Release|Any CPU
		{71ED4625-F76A-4D6E-88B5-99418BE48E05}.Debug|Any CPU.ActiveCfg = Debug|Any CPU
		{71ED4625-F76A-4D6E-88B5-99418BE48E05}.Debug|Any CPU.Build.0 = Debug|Any CPU
		{71ED4625-F76A-4D6E-88B5-99418BE48E05}.Release|Any CPU.ActiveCfg = Release|Any CPU
		{71ED4625-F76A-4D6E-88B5-99418BE48E05}.Release|Any CPU.Build.0 = Release|Any CPU
		{7A84A81C-F9E0-4DFB-BE22-36F9DE885DA0}.Debug|Any CPU.ActiveCfg = Debug|Any CPU
		{7A84A81C-F9E0-4DFB-BE22-36F9DE885DA0}.Debug|Any CPU.Build.0 = Debug|Any CPU
		{7A84A81C-F9E0-4DFB-BE22-36F9DE885DA0}.Release|Any CPU.ActiveCfg = Release|Any CPU
		{7A84A81C-F9E0-4DFB-BE22-36F9DE885DA0}.Release|Any CPU.Build.0 = Release|Any CPU
		{7EC718A6-6237-424B-8CAD-C537C785344B}.Debug|Any CPU.ActiveCfg = Debug|Any CPU
		{7EC718A6-6237-424B-8CAD-C537C785344B}.Debug|Any CPU.Build.0 = Debug|Any CPU
		{7EC718A6-6237-424B-8CAD-C537C785344B}.Release|Any CPU.ActiveCfg = Release|Any CPU
		{7EC718A6-6237-424B-8CAD-C537C785344B}.Release|Any CPU.Build.0 = Release|Any CPU
		{66B9C9AF-1FD2-44B0-AA84-51EB75A18773}.Debug|Any CPU.ActiveCfg = Debug|Any CPU
		{66B9C9AF-1FD2-44B0-AA84-51EB75A18773}.Debug|Any CPU.Build.0 = Debug|Any CPU
		{66B9C9AF-1FD2-44B0-AA84-51EB75A18773}.Release|Any CPU.ActiveCfg = Release|Any CPU
		{66B9C9AF-1FD2-44B0-AA84-51EB75A18773}.Release|Any CPU.Build.0 = Release|Any CPU
		{2283EC0D-5684-4F08-A7A2-801BAE5FF67F}.Debug|Any CPU.ActiveCfg = Debug|Any CPU
		{2283EC0D-5684-4F08-A7A2-801BAE5FF67F}.Debug|Any CPU.Build.0 = Debug|Any CPU
		{2283EC0D-5684-4F08-A7A2-801BAE5FF67F}.Release|Any CPU.ActiveCfg = Release|Any CPU
		{2283EC0D-5684-4F08-A7A2-801BAE5FF67F}.Release|Any CPU.Build.0 = Release|Any CPU
		{AC313377-90CF-4EF1-A084-4A9196551D80}.Debug|Any CPU.ActiveCfg = Debug|Any CPU
		{AC313377-90CF-4EF1-A084-4A9196551D80}.Debug|Any CPU.Build.0 = Debug|Any CPU
		{AC313377-90CF-4EF1-A084-4A9196551D80}.Release|Any CPU.ActiveCfg = Release|Any CPU
		{AC313377-90CF-4EF1-A084-4A9196551D80}.Release|Any CPU.Build.0 = Release|Any CPU
		{AE55B818-208E-472A-85E0-FC81BAFBA8AF}.Debug|Any CPU.ActiveCfg = Debug|Any CPU
		{AE55B818-208E-472A-85E0-FC81BAFBA8AF}.Debug|Any CPU.Build.0 = Debug|Any CPU
		{AE55B818-208E-472A-85E0-FC81BAFBA8AF}.Release|Any CPU.ActiveCfg = Release|Any CPU
		{AE55B818-208E-472A-85E0-FC81BAFBA8AF}.Release|Any CPU.Build.0 = Release|Any CPU
	EndGlobalSection
	GlobalSection(SolutionProperties) = preSolution
		HideSolutionNode = FALSE
	EndGlobalSection
	GlobalSection(NestedProjects) = preSolution
		{243D7F08-B45A-4700-BB80-DDBCCDE15D95} = {67D883BF-296C-4947-A6CC-572C6914F0FC}
		{69509AA3-DEAB-41C9-9531-ADAE17D6A389} = {75EBBFFC-2896-4FFE-8869-93D995F3DC22}
		{40B78785-9B8D-4EDE-A246-55203BD85B23} = {69509AA3-DEAB-41C9-9531-ADAE17D6A389}
		{DF20566C-F5CD-435D-8EAB-0ABBDF4CDF97} = {69509AA3-DEAB-41C9-9531-ADAE17D6A389}
		{318BA6D5-6186-43C9-80DC-22233395C607} = {75EBBFFC-2896-4FFE-8869-93D995F3DC22}
		{4C21DB55-3028-4856-BF7B-2288E192CEF7} = {69509AA3-DEAB-41C9-9531-ADAE17D6A389}
		{F684E7BD-6A07-458A-AA3D-BB916C4581DF} = {75EBBFFC-2896-4FFE-8869-93D995F3DC22}
		{643CB0CF-7CDF-4433-BE38-1CA41AA79F97} = {2E8DFA77-8772-4835-9B62-FD7C4144C566}
		{9EA4B4DA-55B5-451C-B201-8BCAEBADC32A} = {2E8DFA77-8772-4835-9B62-FD7C4144C566}
		{6392BA31-9547-42BF-8680-9AA741DA64AD} = {75EBBFFC-2896-4FFE-8869-93D995F3DC22}
		{DFC86908-CB6B-4DC3-B9DD-F4E56A6293B8} = {75EBBFFC-2896-4FFE-8869-93D995F3DC22}
		{41E0C404-0D74-4EE6-A30B-DE691FAC155D} = {75EBBFFC-2896-4FFE-8869-93D995F3DC22}
		{45C39832-69CC-477C-A28A-31A364D0AA63} = {6392BA31-9547-42BF-8680-9AA741DA64AD}
		{E5C00748-0D7A-4114-8CC0-BED959BC8736} = {6392BA31-9547-42BF-8680-9AA741DA64AD}
		{425470F0-498A-40BB-8169-25F6D10F50A0} = {6392BA31-9547-42BF-8680-9AA741DA64AD}
		{A2C32ADF-AA45-4449-ACAA-EB6D47A960FA} = {41E0C404-0D74-4EE6-A30B-DE691FAC155D}
		{56A1FE04-B82B-4C80-BFDD-90D872DAF683} = {41E0C404-0D74-4EE6-A30B-DE691FAC155D}
		{1C735315-4377-4ACC-A4B5-4A3CBA37D5E2} = {41E0C404-0D74-4EE6-A30B-DE691FAC155D}
		{D71C3338-0270-477E-BAF2-9A435A2313BE} = {DFC86908-CB6B-4DC3-B9DD-F4E56A6293B8}
		{0BB476AF-AB5A-4AC2-B991-9AD89B089837} = {DFC86908-CB6B-4DC3-B9DD-F4E56A6293B8}
		{716F6DE0-2488-4A1D-9A14-C3DD4BE07962} = {DFC86908-CB6B-4DC3-B9DD-F4E56A6293B8}
		{F72AA3A2-24F3-49B5-93B7-B92AB8E532FA} = {75EBBFFC-2896-4FFE-8869-93D995F3DC22}
		{D54C86D9-7A7B-4C69-8EB5-EF9E5870AF2E} = {F684E7BD-6A07-458A-AA3D-BB916C4581DF}
		{DEB43869-5C1D-4014-956C-F5D51087AB5E} = {F684E7BD-6A07-458A-AA3D-BB916C4581DF}
		{FB991D43-24BB-4A85-ADB6-9459E89B1B8D} = {F684E7BD-6A07-458A-AA3D-BB916C4581DF}
		{71ED4625-F76A-4D6E-88B5-99418BE48E05} = {318BA6D5-6186-43C9-80DC-22233395C607}
		{7A84A81C-F9E0-4DFB-BE22-36F9DE885DA0} = {318BA6D5-6186-43C9-80DC-22233395C607}
		{7EC718A6-6237-424B-8CAD-C537C785344B} = {318BA6D5-6186-43C9-80DC-22233395C607}
		{66B9C9AF-1FD2-44B0-AA84-51EB75A18773} = {F72AA3A2-24F3-49B5-93B7-B92AB8E532FA}
		{2283EC0D-5684-4F08-A7A2-801BAE5FF67F} = {F72AA3A2-24F3-49B5-93B7-B92AB8E532FA}
		{AC313377-90CF-4EF1-A084-4A9196551D80} = {F72AA3A2-24F3-49B5-93B7-B92AB8E532FA}
	EndGlobalSection
	GlobalSection(ExtensibilityGlobals) = postSolution
		SolutionGuid = {8D8B501C-27E0-4B0A-882A-B525048212BC}
	EndGlobalSection
EndGlobal
